// !$*UTF8*$!
{
	archiveVersion = 1;
	classes = {
	};
	objectVersion = 50;
	objects = {

/* Begin PBXBuildFile section */
		9A9C65F61C16FD2BE872D3B8 /* Pods_yogakitDemo.framework in Frameworks */ = {isa = PBXBuildFile; fileRef = 65ABCE474EA15CAD39AF4998 /* Pods_yogakitDemo.framework */; };
		E3F8A33621413EB300D695ED /* AppDelegate.m in Sources */ = {isa = PBXBuildFile; fileRef = E3F8A33521413EB300D695ED /* AppDelegate.m */; };
		E3F8A33921413EB300D695ED /* ViewController.m in Sources */ = {isa = PBXBuildFile; fileRef = E3F8A33821413EB300D695ED /* ViewController.m */; };
		E3F8A33C21413EB300D695ED /* Main.storyboard in Resources */ = {isa = PBXBuildFile; fileRef = E3F8A33A21413EB300D695ED /* Main.storyboard */; };
		E3F8A33E21413EB300D695ED /* Assets.xcassets in Resources */ = {isa = PBXBuildFile; fileRef = E3F8A33D21413EB300D695ED /* Assets.xcassets */; };
		E3F8A34121413EB300D695ED /* LaunchScreen.storyboard in Resources */ = {isa = PBXBuildFile; fileRef = E3F8A33F21413EB300D695ED /* LaunchScreen.storyboard */; };
		E3F8A34421413EB300D695ED /* main.m in Sources */ = {isa = PBXBuildFile; fileRef = E3F8A34321413EB300D695ED /* main.m */; };
		E3F8A34C21415EEA00D695ED /* TestHeightTableViewCell.m in Sources */ = {isa = PBXBuildFile; fileRef = E3F8A34B21415EEA00D695ED /* TestHeightTableViewCell.m */; };
/* End PBXBuildFile section */

/* Begin PBXFileReference section */
		65ABCE474EA15CAD39AF4998 /* Pods_yogakitDemo.framework */ = {isa = PBXFileReference; explicitFileType = wrapper.framework; includeInIndex = 0; path = Pods_yogakitDemo.framework; sourceTree = BUILT_PRODUCTS_DIR; };
		B72CBDF862E4D4404F95CE4C /* Pods-yogakitDemo.debug.xcconfig */ = {isa = PBXFileReference; includeInIndex = 1; lastKnownFileType = text.xcconfig; name = "Pods-yogakitDemo.debug.xcconfig"; path = "Pods/Target Support Files/Pods-yogakitDemo/Pods-yogakitDemo.debug.xcconfig"; sourceTree = "<group>"; };
		C0361E5C09133A6D8591EB99 /* Pods-yogakitDemo.release.xcconfig */ = {isa = PBXFileReference; includeInIndex = 1; lastKnownFileType = text.xcconfig; name = "Pods-yogakitDemo.release.xcconfig"; path = "Pods/Target Support Files/Pods-yogakitDemo/Pods-yogakitDemo.release.xcconfig"; sourceTree = "<group>"; };
		E3F8A33121413EB200D695ED /* yogakitDemo.app */ = {isa = PBXFileReference; explicitFileType = wrapper.application; includeInIndex = 0; path = yogakitDemo.app; sourceTree = BUILT_PRODUCTS_DIR; };
		E3F8A33421413EB200D695ED /* AppDelegate.h */ = {isa = PBXFileReference; lastKnownFileType = sourcecode.c.h; path = AppDelegate.h; sourceTree = "<group>"; };
		E3F8A33521413EB300D695ED /* AppDelegate.m */ = {isa = PBXFileReference; lastKnownFileType = sourcecode.c.objc; path = AppDelegate.m; sourceTree = "<group>"; };
		E3F8A33721413EB300D695ED /* ViewController.h */ = {isa = PBXFileReference; lastKnownFileType = sourcecode.c.h; path = ViewController.h; sourceTree = "<group>"; };
		E3F8A33821413EB300D695ED /* ViewController.m */ = {isa = PBXFileReference; lastKnownFileType = sourcecode.c.objc; path = ViewController.m; sourceTree = "<group>"; };
		E3F8A33B21413EB300D695ED /* Base */ = {isa = PBXFileReference; lastKnownFileType = file.storyboard; name = Base; path = Base.lproj/Main.storyboard; sourceTree = "<group>"; };
		E3F8A33D21413EB300D695ED /* Assets.xcassets */ = {isa = PBXFileReference; lastKnownFileType = folder.assetcatalog; path = Assets.xcassets; sourceTree = "<group>"; };
		E3F8A34021413EB300D695ED /* Base */ = {isa = PBXFileReference; lastKnownFileType = file.storyboard; name = Base; path = Base.lproj/LaunchScreen.storyboard; sourceTree = "<group>"; };
		E3F8A34221413EB300D695ED /* Info.plist */ = {isa = PBXFileReference; lastKnownFileType = text.plist.xml; path = Info.plist; sourceTree = "<group>"; };
		E3F8A34321413EB300D695ED /* main.m */ = {isa = PBXFileReference; lastKnownFileType = sourcecode.c.objc; path = main.m; sourceTree = "<group>"; };
		E3F8A34A21415EEA00D695ED /* TestHeightTableViewCell.h */ = {isa = PBXFileReference; lastKnownFileType = sourcecode.c.h; path = TestHeightTableViewCell.h; sourceTree = "<group>"; };
		E3F8A34B21415EEA00D695ED /* TestHeightTableViewCell.m */ = {isa = PBXFileReference; lastKnownFileType = sourcecode.c.objc; path = TestHeightTableViewCell.m; sourceTree = "<group>"; };
/* End PBXFileReference section */

/* Begin PBXFrameworksBuildPhase section */
		E3F8A32E21413EB200D695ED /* Frameworks */ = {
			isa = PBXFrameworksBuildPhase;
			buildActionMask = 2147483647;
			files = (
				9A9C65F61C16FD2BE872D3B8 /* Pods_yogakitDemo.framework in Frameworks */,
			);
			runOnlyForDeploymentPostprocessing = 0;
		};
/* End PBXFrameworksBuildPhase section */

/* Begin PBXGroup section */
		417C6F130C0818D5625EF177 /* Frameworks */ = {
			isa = PBXGroup;
			children = (
				65ABCE474EA15CAD39AF4998 /* Pods_yogakitDemo.framework */,
			);
			name = Frameworks;
			sourceTree = "<group>";
		};
		C069EC6A87C1639FB09E3921 /* Pods */ = {
			isa = PBXGroup;
			children = (
				B72CBDF862E4D4404F95CE4C /* Pods-yogakitDemo.debug.xcconfig */,
				C0361E5C09133A6D8591EB99 /* Pods-yogakitDemo.release.xcconfig */,
			);
			name = Pods;
			sourceTree = "<group>";
		};
		E3F8A32821413EB200D695ED = {
			isa = PBXGroup;
			children = (
				E3F8A33321413EB200D695ED /* yogakitDemo */,
				E3F8A33221413EB200D695ED /* Products */,
				C069EC6A87C1639FB09E3921 /* Pods */,
				417C6F130C0818D5625EF177 /* Frameworks */,
			);
			sourceTree = "<group>";
		};
		E3F8A33221413EB200D695ED /* Products */ = {
			isa = PBXGroup;
			children = (
				E3F8A33121413EB200D695ED /* yogakitDemo.app */,
			);
			name = Products;
			sourceTree = "<group>";
		};
		E3F8A33321413EB200D695ED /* yogakitDemo */ = {
			isa = PBXGroup;
			children = (
				E3F8A33421413EB200D695ED /* AppDelegate.h */,
				E3F8A33521413EB300D695ED /* AppDelegate.m */,
				E3F8A33721413EB300D695ED /* ViewController.h */,
				E3F8A33821413EB300D695ED /* ViewController.m */,
				E3F8A33A21413EB300D695ED /* Main.storyboard */,
				E3F8A33D21413EB300D695ED /* Assets.xcassets */,
				E3F8A33F21413EB300D695ED /* LaunchScreen.storyboard */,
				E3F8A34221413EB300D695ED /* Info.plist */,
				E3F8A34321413EB300D695ED /* main.m */,
				E3F8A34A21415EEA00D695ED /* TestHeightTableViewCell.h */,
				E3F8A34B21415EEA00D695ED /* TestHeightTableViewCell.m */,
			);
			path = yogakitDemo;
			sourceTree = "<group>";
		};
/* End PBXGroup section */

/* Begin PBXNativeTarget section */
		E3F8A33021413EB200D695ED /* yogakitDemo */ = {
			isa = PBXNativeTarget;
			buildConfigurationList = E3F8A34721413EB300D695ED /* Build configuration list for PBXNativeTarget "yogakitDemo" */;
			buildPhases = (
				6C01223D86390AB3D25E31E9 /* [CP] Check Pods Manifest.lock */,
				E3F8A32D21413EB200D695ED /* Sources */,
				E3F8A32E21413EB200D695ED /* Frameworks */,
				E3F8A32F21413EB200D695ED /* Resources */,
				B2DE8C257E56D53CE272EA0D /* [CP] Embed Pods Frameworks */,
				BF2DF05C45B8F5B984FBFC0E /* [CP] Copy Pods Resources */,
			);
			buildRules = (
			);
			dependencies = (
			);
			name = yogakitDemo;
			productName = yogakitDemo;
			productReference = E3F8A33121413EB200D695ED /* yogakitDemo.app */;
			productType = "com.apple.product-type.application";
		};
/* End PBXNativeTarget section */

/* Begin PBXProject section */
		E3F8A32921413EB200D695ED /* Project object */ = {
			isa = PBXProject;
			attributes = {
				LastUpgradeCheck = 0940;
				ORGANIZATIONNAME = "刘小二";
				TargetAttributes = {
					E3F8A33021413EB200D695ED = {
						CreatedOnToolsVersion = 9.4;
					};
				};
			};
			buildConfigurationList = E3F8A32C21413EB200D695ED /* Build configuration list for PBXProject "yogakitDemo" */;
			compatibilityVersion = "Xcode 9.3";
			developmentRegion = en;
			hasScannedForEncodings = 0;
			knownRegions = (
				en,
				Base,
			);
			mainGroup = E3F8A32821413EB200D695ED;
			productRefGroup = E3F8A33221413EB200D695ED /* Products */;
			projectDirPath = "";
			projectRoot = "";
			targets = (
				E3F8A33021413EB200D695ED /* yogakitDemo */,
			);
		};
/* End PBXProject section */

/* Begin PBXResourcesBuildPhase section */
		E3F8A32F21413EB200D695ED /* Resources */ = {
			isa = PBXResourcesBuildPhase;
			buildActionMask = 2147483647;
			files = (
				E3F8A34121413EB300D695ED /* LaunchScreen.storyboard in Resources */,
				E3F8A33E21413EB300D695ED /* Assets.xcassets in Resources */,
				E3F8A33C21413EB300D695ED /* Main.storyboard in Resources */,
			);
			runOnlyForDeploymentPostprocessing = 0;
		};
/* End PBXResourcesBuildPhase section */

/* Begin PBXShellScriptBuildPhase section */
		6C01223D86390AB3D25E31E9 /* [CP] Check Pods Manifest.lock */ = {
			isa = PBXShellScriptBuildPhase;
			buildActionMask = 2147483647;
			files = (
			);
			inputPaths = (
				"${PODS_PODFILE_DIR_PATH}/Podfile.lock",
				"${PODS_ROOT}/Manifest.lock",
			);
			name = "[CP] Check Pods Manifest.lock";
			outputPaths = (
				"$(DERIVED_FILE_DIR)/Pods-yogakitDemo-checkManifestLockResult.txt",
			);
			runOnlyForDeploymentPostprocessing = 0;
			shellPath = /bin/sh;
			shellScript = "diff \"${PODS_PODFILE_DIR_PATH}/Podfile.lock\" \"${PODS_ROOT}/Manifest.lock\" > /dev/null\nif [ $? != 0 ] ; then\n    # print error to STDERR\n    echo \"error: The sandbox is not in sync with the Podfile.lock. Run 'pod install' or update your CocoaPods installation.\" >&2\n    exit 1\nfi\n# This output is used by Xcode 'outputs' to avoid re-running this script phase.\necho \"SUCCESS\" > \"${SCRIPT_OUTPUT_FILE_0}\"\n";
			showEnvVarsInLog = 0;
		};
		B2DE8C257E56D53CE272EA0D /* [CP] Embed Pods Frameworks */ = {
			isa = PBXShellScriptBuildPhase;
			buildActionMask = 2147483647;
			files = (
			);
			inputPaths = (
				"${SRCROOT}/Pods/Target Support Files/Pods-yogakitDemo/Pods-yogakitDemo-frameworks.sh",
				"${BUILT_PRODUCTS_DIR}/Yoga/yoga.framework",
				"${BUILT_PRODUCTS_DIR}/YogaKit/YogaKit.framework",
			);
			name = "[CP] Embed Pods Frameworks";
			outputPaths = (
				"${TARGET_BUILD_DIR}/${FRAMEWORKS_FOLDER_PATH}/yoga.framework",
				"${TARGET_BUILD_DIR}/${FRAMEWORKS_FOLDER_PATH}/YogaKit.framework",
			);
			runOnlyForDeploymentPostprocessing = 0;
			shellPath = /bin/sh;
			shellScript = "\"${SRCROOT}/Pods/Target Support Files/Pods-yogakitDemo/Pods-yogakitDemo-frameworks.sh\"\n";
			showEnvVarsInLog = 0;
		};
		BF2DF05C45B8F5B984FBFC0E /* [CP] Copy Pods Resources */ = {
			isa = PBXShellScriptBuildPhase;
			buildActionMask = 2147483647;
			files = (
			);
			inputPaths = (
			);
			name = "[CP] Copy Pods Resources";
			outputPaths = (
			);
			runOnlyForDeploymentPostprocessing = 0;
			shellPath = /bin/sh;
			shellScript = "\"${SRCROOT}/Pods/Target Support Files/Pods-yogakitDemo/Pods-yogakitDemo-resources.sh\"\n";
			showEnvVarsInLog = 0;
		};
/* End PBXShellScriptBuildPhase section */

/* Begin PBXSourcesBuildPhase section */
		E3F8A32D21413EB200D695ED /* Sources */ = {
			isa = PBXSourcesBuildPhase;
			buildActionMask = 2147483647;
			files = (
				E3F8A34C21415EEA00D695ED /* TestHeightTableViewCell.m in Sources */,
				E3F8A33921413EB300D695ED /* ViewController.m in Sources */,
				E3F8A34421413EB300D695ED /* main.m in Sources */,
				E3F8A33621413EB300D695ED /* AppDelegate.m in Sources */,
			);
			runOnlyForDeploymentPostprocessing = 0;
		};
/* End PBXSourcesBuildPhase section */

/* Begin PBXVariantGroup section */
		E3F8A33A21413EB300D695ED /* Main.storyboard */ = {
			isa = PBXVariantGroup;
			children = (
				E3F8A33B21413EB300D695ED /* Base */,
			);
			name = Main.storyboard;
			sourceTree = "<group>";
		};
		E3F8A33F21413EB300D695ED /* LaunchScreen.storyboard */ = {
			isa = PBXVariantGroup;
			children = (
				E3F8A34021413EB300D695ED /* Base */,
			);
			name = LaunchScreen.storyboard;
			sourceTree = "<group>";
		};
/* End PBXVariantGroup section */

/* Begin XCBuildConfiguration section */
		E3F8A34521413EB300D695ED /* Debug */ = {
			isa = XCBuildConfiguration;
			buildSettings = {
				ALWAYS_SEARCH_USER_PATHS = NO;
				CLANG_ANALYZER_NONNULL = YES;
				CLANG_ANALYZER_NUMBER_OBJECT_CONVERSION = YES_AGGRESSIVE;
				CLANG_CXX_LANGUAGE_STANDARD = "gnu++14";
				CLANG_CXX_LIBRARY = "libc++";
				CLANG_ENABLE_MODULES = YES;
				CLANG_ENABLE_OBJC_ARC = YES;
				CLANG_ENABLE_OBJC_WEAK = YES;
				CLANG_WARN_BLOCK_CAPTURE_AUTORELEASING = YES;
				CLANG_WARN_BOOL_CONVERSION = YES;
				CLANG_WARN_COMMA = YES;
				CLANG_WARN_CONSTANT_CONVERSION = YES;
				CLANG_WARN_DEPRECATED_OBJC_IMPLEMENTATIONS = YES;
				CLANG_WARN_DIRECT_OBJC_ISA_USAGE = YES_ERROR;
				CLANG_WARN_DOCUMENTATION_COMMENTS = YES;
				CLANG_WARN_EMPTY_BODY = YES;
				CLANG_WARN_ENUM_CONVERSION = YES;
				CLANG_WARN_INFINITE_RECURSION = YES;
				CLANG_WARN_INT_CONVERSION = YES;
				CLANG_WARN_NON_LITERAL_NULL_CONVERSION = YES;
				CLANG_WARN_OBJC_IMPLICIT_RETAIN_SELF = YES;
				CLANG_WARN_OBJC_LITERAL_CONVERSION = YES;
				CLANG_WARN_OBJC_ROOT_CLASS = YES_ERROR;
				CLANG_WARN_RANGE_LOOP_ANALYSIS = YES;
				CLANG_WARN_STRICT_PROTOTYPES = YES;
				CLANG_WARN_SUSPICIOUS_MOVE = YES;
				CLANG_WARN_UNGUARDED_AVAILABILITY = YES_AGGRESSIVE;
				CLANG_WARN_UNREACHABLE_CODE = YES;
				CLANG_WARN__DUPLICATE_METHOD_MATCH = YES;
				CODE_SIGN_IDENTITY = "iPhone Developer";
				COPY_PHASE_STRIP = NO;
				DEBUG_INFORMATION_FORMAT = dwarf;
				ENABLE_STRICT_OBJC_MSGSEND = YES;
				ENABLE_TESTABILITY = YES;
				GCC_C_LANGUAGE_STANDARD = gnu11;
				GCC_DYNAMIC_NO_PIC = NO;
				GCC_NO_COMMON_BLOCKS = YES;
				GCC_OPTIMIZATION_LEVEL = 0;
				GCC_PREPROCESSOR_DEFINITIONS = (
					"DEBUG=1",
					"$(inherited)",
				);
				GCC_WARN_64_TO_32_BIT_CONVERSION = YES;
				GCC_WARN_ABOUT_RETURN_TYPE = YES_ERROR;
				GCC_WARN_UNDECLARED_SELECTOR = YES;
				GCC_WARN_UNINITIALIZED_AUTOS = YES_AGGRESSIVE;
				GCC_WARN_UNUSED_FUNCTION = YES;
				GCC_WARN_UNUSED_VARIABLE = YES;
				IPHONEOS_DEPLOYMENT_TARGET = 11.4;
				MTL_ENABLE_DEBUG_INFO = YES;
				ONLY_ACTIVE_ARCH = YES;
				SDKROOT = iphoneos;
			};
			name = Debug;
		};
		E3F8A34621413EB300D695ED /* Release */ = {
			isa = XCBuildConfiguration;
			buildSettings = {
				ALWAYS_SEARCH_USER_PATHS = NO;
				CLANG_ANALYZER_NONNULL = YES;
				CLANG_ANALYZER_NUMBER_OBJECT_CONVERSION = YES_AGGRESSIVE;
				CLANG_CXX_LANGUAGE_STANDARD = "gnu++14";
				CLANG_CXX_LIBRARY = "libc++";
				CLANG_ENABLE_MODULES = YES;
				CLANG_ENABLE_OBJC_ARC = YES;
				CLANG_ENABLE_OBJC_WEAK = YES;
				CLANG_WARN_BLOCK_CAPTURE_AUTORELEASING = YES;
				CLANG_WARN_BOOL_CONVERSION = YES;
				CLANG_WARN_COMMA = YES;
				CLANG_WARN_CONSTANT_CONVERSION = YES;
				CLANG_WARN_DEPRECATED_OBJC_IMPLEMENTATIONS = YES;
				CLANG_WARN_DIRECT_OBJC_ISA_USAGE = YES_ERROR;
				CLANG_WARN_DOCUMENTATION_COMMENTS = YES;
				CLANG_WARN_EMPTY_BODY = YES;
				CLANG_WARN_ENUM_CONVERSION = YES;
				CLANG_WARN_INFINITE_RECURSION = YES;
				CLANG_WARN_INT_CONVERSION = YES;
				CLANG_WARN_NON_LITERAL_NULL_CONVERSION = YES;
				CLANG_WARN_OBJC_IMPLICIT_RETAIN_SELF = YES;
				CLANG_WARN_OBJC_LITERAL_CONVERSION = YES;
				CLANG_WARN_OBJC_ROOT_CLASS = YES_ERROR;
				CLANG_WARN_RANGE_LOOP_ANALYSIS = YES;
				CLANG_WARN_STRICT_PROTOTYPES = YES;
				CLANG_WARN_SUSPICIOUS_MOVE = YES;
				CLANG_WARN_UNGUARDED_AVAILABILITY = YES_AGGRESSIVE;
				CLANG_WARN_UNREACHABLE_CODE = YES;
				CLANG_WARN__DUPLICATE_METHOD_MATCH = YES;
				CODE_SIGN_IDENTITY = "iPhone Developer";
				COPY_PHASE_STRIP = NO;
				DEBUG_INFORMATION_FORMAT = "dwarf-with-dsym";
				ENABLE_NS_ASSERTIONS = NO;
				ENABLE_STRICT_OBJC_MSGSEND = YES;
				GCC_C_LANGUAGE_STANDARD = gnu11;
				GCC_NO_COMMON_BLOCKS = YES;
				GCC_WARN_64_TO_32_BIT_CONVERSION = YES;
				GCC_WARN_ABOUT_RETURN_TYPE = YES_ERROR;
				GCC_WARN_UNDECLARED_SELECTOR = YES;
				GCC_WARN_UNINITIALIZED_AUTOS = YES_AGGRESSIVE;
				GCC_WARN_UNUSED_FUNCTION = YES;
				GCC_WARN_UNUSED_VARIABLE = YES;
				IPHONEOS_DEPLOYMENT_TARGET = 11.4;
				MTL_ENABLE_DEBUG_INFO = NO;
				SDKROOT = iphoneos;
				VALIDATE_PRODUCT = YES;
			};
			name = Release;
		};
		E3F8A34821413EB300D695ED /* Debug */ = {
			isa = XCBuildConfiguration;
			baseConfigurationReference = B72CBDF862E4D4404F95CE4C /* Pods-yogakitDemo.debug.xcconfig */;
			buildSettings = {
				ASSETCATALOG_COMPILER_APPICON_NAME = AppIcon;
				CODE_SIGN_STYLE = Automatic;
				INFOPLIST_FILE = yogakitDemo/Info.plist;
				LD_RUNPATH_SEARCH_PATHS = (
					"$(inherited)",
					"@executable_path/Frameworks",
				);
				PRODUCT_BUNDLE_IDENTIFIER = liuxiaoer.yogakitDemo;
				PRODUCT_NAME = "$(TARGET_NAME)";
				TARGETED_DEVICE_FAMILY = "1,2";
			};
			name = Debug;
		};
		E3F8A34921413EB300D695ED /* Release */ = {
			isa = XCBuildConfiguration;
			baseConfigurationReference = C0361E5C09133A6D8591EB99 /* Pods-yogakitDemo.release.xcconfig */;
			buildSettings = {
				ASSETCATALOG_COMPILER_APPICON_NAME = AppIcon;
				CODE_SIGN_STYLE = Automatic;
				INFOPLIST_FILE = yogakitDemo/Info.plist;
				LD_RUNPATH_SEARCH_PATHS = (
					"$(inherited)",
					"@executable_path/Frameworks",
				);
				PRODUCT_BUNDLE_IDENTIFIER = liuxiaoer.yogakitDemo;
				PRODUCT_NAME = "$(TARGET_NAME)";
				TARGETED_DEVICE_FAMILY = "1,2";
			};
			name = Release;
		};
/* End XCBuildConfiguration section */

/* Begin XCConfigurationList section */
		E3F8A32C21413EB200D695ED /* Build configuration list for PBXProject "yogakitDemo" */ = {
			isa = XCConfigurationList;
			buildConfigurations = (
				E3F8A34521413EB300D695ED /* Debug */,
				E3F8A34621413EB300D695ED /* Release */,
			);
			defaultConfigurationIsVisible = 0;
			defaultConfigurationName = Release;
		};
		E3F8A34721413EB300D695ED /* Build configuration list for PBXNativeTarget "yogakitDemo" */ = {
			isa = XCConfigurationList;
			buildConfigurations = (
				E3F8A34821413EB300D695ED /* Debug */,
				E3F8A34921413EB300D695ED /* Release */,
			);
			defaultConfigurationIsVisible = 0;
			defaultConfigurationName = Release;
		};
/* End XCConfigurationList section */
	};
	rootObject = E3F8A32921413EB200D695ED /* Project object */;
}
